// !$*UTF8*$!
{
	archiveVersion = 1;
	classes = {
	};
	objectVersion = 56;
	objects = {

/* Begin PBXBuildFile section */
		B4F6C6482C772173007055F6 /* DoctorsTestApp.swift in Sources */ = {isa = PBXBuildFile; fileRef = B4F6C6472C772173007055F6 /* DoctorsTestApp.swift */; };
		B4F6C64A2C772173007055F6 /* ContentView.swift in Sources */ = {isa = PBXBuildFile; fileRef = B4F6C6492C772173007055F6 /* ContentView.swift */; };
		B4F6C64C2C772175007055F6 /* Assets.xcassets in Resources */ = {isa = PBXBuildFile; fileRef = B4F6C64B2C772175007055F6 /* Assets.xcassets */; };
		B4F6C64F2C772175007055F6 /* Preview Assets.xcassets in Resources */ = {isa = PBXBuildFile; fileRef = B4F6C64E2C772175007055F6 /* Preview Assets.xcassets */; };
		B4F6C6592C77224E007055F6 /* DoctorsView.swift in Sources */ = {isa = PBXBuildFile; fileRef = B4F6C6582C77224E007055F6 /* DoctorsView.swift */; };
		B4F6C65B2C77227D007055F6 /* DoctorsViewModel.swift in Sources */ = {isa = PBXBuildFile; fileRef = B4F6C65A2C77227D007055F6 /* DoctorsViewModel.swift */; };
		B4F6C65E2C77229C007055F6 /* DataManager.swift in Sources */ = {isa = PBXBuildFile; fileRef = B4F6C65D2C77229C007055F6 /* DataManager.swift */; };
		B4F6C6602C7722B9007055F6 /* DoctorCell.swift in Sources */ = {isa = PBXBuildFile; fileRef = B4F6C65F2C7722B9007055F6 /* DoctorCell.swift */; };
		B4F6C6622C7722E2007055F6 /* DoctorsModel.swift in Sources */ = {isa = PBXBuildFile; fileRef = B4F6C6612C7722E2007055F6 /* DoctorsModel.swift */; };
		B4F6C6652C7722FE007055F6 /* SDWebImageSwiftUI in Frameworks */ = {isa = PBXBuildFile; productRef = B4F6C6642C7722FE007055F6 /* SDWebImageSwiftUI */; };
		B4F6C6672C77231D007055F6 /* RatingOfDoctorStars.swift in Sources */ = {isa = PBXBuildFile; fileRef = B4F6C6662C77231D007055F6 /* RatingOfDoctorStars.swift */; };
		B4F6C6692C772349007055F6 /* PriceCell.swift in Sources */ = {isa = PBXBuildFile; fileRef = B4F6C6682C772349007055F6 /* PriceCell.swift */; };
		B4F6C66B2C77235F007055F6 /* PageItem.swift in Sources */ = {isa = PBXBuildFile; fileRef = B4F6C66A2C77235F007055F6 /* PageItem.swift */; };
		B4F6C66D2C772386007055F6 /* FilterButtons.swift in Sources */ = {isa = PBXBuildFile; fileRef = B4F6C66C2C772386007055F6 /* FilterButtons.swift */; };
		B4F6C66F2C7723AA007055F6 /* DoctorsCardView.swift in Sources */ = {isa = PBXBuildFile; fileRef = B4F6C66E2C7723AA007055F6 /* DoctorsCardView.swift */; };
		B4F6C6712C7723BC007055F6 /* PriceView.swift in Sources */ = {isa = PBXBuildFile; fileRef = B4F6C6702C7723BC007055F6 /* PriceView.swift */; };
		B4F6C6732C772427007055F6 /* 655b754e0574da7622c94aa4.json in Resources */ = {isa = PBXBuildFile; fileRef = B4F6C6722C772426007055F6 /* 655b754e0574da7622c94aa4.json */; };
/* End PBXBuildFile section */

/* Begin PBXFileReference section */
		B4F6C6442C772173007055F6 /* DoctorsTest.app */ = {isa = PBXFileReference; explicitFileType = wrapper.application; includeInIndex = 0; path = DoctorsTest.app; sourceTree = BUILT_PRODUCTS_DIR; };
		B4F6C6472C772173007055F6 /* DoctorsTestApp.swift */ = {isa = PBXFileReference; lastKnownFileType = sourcecode.swift; path = DoctorsTestApp.swift; sourceTree = "<group>"; };
		B4F6C6492C772173007055F6 /* ContentView.swift */ = {isa = PBXFileReference; lastKnownFileType = sourcecode.swift; path = ContentView.swift; sourceTree = "<group>"; };
		B4F6C64B2C772175007055F6 /* Assets.xcassets */ = {isa = PBXFileReference; lastKnownFileType = folder.assetcatalog; path = Assets.xcassets; sourceTree = "<group>"; };
		B4F6C64E2C772175007055F6 /* Preview Assets.xcassets */ = {isa = PBXFileReference; lastKnownFileType = folder.assetcatalog; path = "Preview Assets.xcassets"; sourceTree = "<group>"; };
		B4F6C6582C77224E007055F6 /* DoctorsView.swift */ = {isa = PBXFileReference; lastKnownFileType = sourcecode.swift; path = DoctorsView.swift; sourceTree = "<group>"; };
		B4F6C65A2C77227D007055F6 /* DoctorsViewModel.swift */ = {isa = PBXFileReference; lastKnownFileType = sourcecode.swift; path = DoctorsViewModel.swift; sourceTree = "<group>"; };
		B4F6C65D2C77229C007055F6 /* DataManager.swift */ = {isa = PBXFileReference; lastKnownFileType = sourcecode.swift; path = DataManager.swift; sourceTree = "<group>"; };
		B4F6C65F2C7722B9007055F6 /* DoctorCell.swift */ = {isa = PBXFileReference; lastKnownFileType = sourcecode.swift; path = DoctorCell.swift; sourceTree = "<group>"; };
		B4F6C6612C7722E2007055F6 /* DoctorsModel.swift */ = {isa = PBXFileReference; lastKnownFileType = sourcecode.swift; path = DoctorsModel.swift; sourceTree = "<group>"; };
		B4F6C6662C77231D007055F6 /* RatingOfDoctorStars.swift */ = {isa = PBXFileReference; lastKnownFileType = sourcecode.swift; path = RatingOfDoctorStars.swift; sourceTree = "<group>"; };
		B4F6C6682C772349007055F6 /* PriceCell.swift */ = {isa = PBXFileReference; lastKnownFileType = sourcecode.swift; path = PriceCell.swift; sourceTree = "<group>"; };
		B4F6C66A2C77235F007055F6 /* PageItem.swift */ = {isa = PBXFileReference; lastKnownFileType = sourcecode.swift; path = PageItem.swift; sourceTree = "<group>"; };
		B4F6C66C2C772386007055F6 /* FilterButtons.swift */ = {isa = PBXFileReference; lastKnownFileType = sourcecode.swift; path = FilterButtons.swift; sourceTree = "<group>"; };
		B4F6C66E2C7723AA007055F6 /* DoctorsCardView.swift */ = {isa = PBXFileReference; lastKnownFileType = sourcecode.swift; path = DoctorsCardView.swift; sourceTree = "<group>"; };
		B4F6C6702C7723BC007055F6 /* PriceView.swift */ = {isa = PBXFileReference; lastKnownFileType = sourcecode.swift; path = PriceView.swift; sourceTree = "<group>"; };
		B4F6C6722C772426007055F6 /* 655b754e0574da7622c94aa4.json */ = {isa = PBXFileReference; fileEncoding = 4; lastKnownFileType = text.json; path = 655b754e0574da7622c94aa4.json; sourceTree = "<group>"; };
/* End PBXFileReference section */

/* Begin PBXFrameworksBuildPhase section */
		B4F6C6412C772173007055F6 /* Frameworks */ = {
			isa = PBXFrameworksBuildPhase;
			buildActionMask = 2147483647;
			files = (
				B4F6C6652C7722FE007055F6 /* SDWebImageSwiftUI in Frameworks */,
			);
			runOnlyForDeploymentPostprocessing = 0;
		};
/* End PBXFrameworksBuildPhase section */

/* Begin PBXGroup section */
		B4F6C63B2C772173007055F6 = {
			isa = PBXGroup;
			children = (
				B4F6C6462C772173007055F6 /* DoctorsTest */,
				B4F6C6452C772173007055F6 /* Products */,
			);
			sourceTree = "<group>";
		};
		B4F6C6452C772173007055F6 /* Products */ = {
			isa = PBXGroup;
			children = (
				B4F6C6442C772173007055F6 /* DoctorsTest.app */,
			);
			name = Products;
			sourceTree = "<group>";
		};
		B4F6C6462C772173007055F6 /* DoctorsTest */ = {
			isa = PBXGroup;
			children = (
				B4F6C65C2C772292007055F6 /* Service */,
				B4F6C6572C77222C007055F6 /* Models */,
				B4F6C6562C772221007055F6 /* ViewModels */,
				B4F6C6552C77221B007055F6 /* Views */,
				B4F6C6472C772173007055F6 /* DoctorsTestApp.swift */,
				B4F6C64B2C772175007055F6 /* Assets.xcassets */,
				B4F6C64D2C772175007055F6 /* Preview Content */,
			);
			path = DoctorsTest;
			sourceTree = "<group>";
		};
		B4F6C64D2C772175007055F6 /* Preview Content */ = {
			isa = PBXGroup;
			children = (
				B4F6C64E2C772175007055F6 /* Preview Assets.xcassets */,
			);
			path = "Preview Content";
			sourceTree = "<group>";
		};
		B4F6C6552C77221B007055F6 /* Views */ = {
			isa = PBXGroup;
			children = (
				B4F6C6492C772173007055F6 /* ContentView.swift */,
				B4F6C6582C77224E007055F6 /* DoctorsView.swift */,
				B4F6C66E2C7723AA007055F6 /* DoctorsCardView.swift */,
				B4F6C6702C7723BC007055F6 /* PriceView.swift */,
			);
			path = Views;
			sourceTree = "<group>";
		};
		B4F6C6562C772221007055F6 /* ViewModels */ = {
			isa = PBXGroup;
			children = (
				B4F6C65A2C77227D007055F6 /* DoctorsViewModel.swift */,
			);
			path = ViewModels;
			sourceTree = "<group>";
		};
		B4F6C6572C77222C007055F6 /* Models */ = {
			isa = PBXGroup;
			children = (
				B4F6C65F2C7722B9007055F6 /* DoctorCell.swift */,
				B4F6C6612C7722E2007055F6 /* DoctorsModel.swift */,
				B4F6C6662C77231D007055F6 /* RatingOfDoctorStars.swift */,
				B4F6C6682C772349007055F6 /* PriceCell.swift */,
				B4F6C66A2C77235F007055F6 /* PageItem.swift */,
				B4F6C66C2C772386007055F6 /* FilterButtons.swift */,
			);
			path = Models;
			sourceTree = "<group>";
		};
		B4F6C65C2C772292007055F6 /* Service */ = {
			isa = PBXGroup;
			children = (
				B4F6C6722C772426007055F6 /* 655b754e0574da7622c94aa4.json */,
				B4F6C65D2C77229C007055F6 /* DataManager.swift */,
			);
			path = Service;
			sourceTree = "<group>";
		};
/* End PBXGroup section */

/* Begin PBXNativeTarget section */
		B4F6C6432C772173007055F6 /* DoctorsTest */ = {
			isa = PBXNativeTarget;
			buildConfigurationList = B4F6C6522C772175007055F6 /* Build configuration list for PBXNativeTarget "DoctorsTest" */;
			buildPhases = (
				B4F6C6402C772173007055F6 /* Sources */,
				B4F6C6412C772173007055F6 /* Frameworks */,
				B4F6C6422C772173007055F6 /* Resources */,
			);
			buildRules = (
			);
			dependencies = (
			);
			name = DoctorsTest;
			packageProductDependencies = (
				B4F6C6642C7722FE007055F6 /* SDWebImageSwiftUI */,
			);
			productName = DoctorsTest;
			productReference = B4F6C6442C772173007055F6 /* DoctorsTest.app */;
			productType = "com.apple.product-type.application";
		};
/* End PBXNativeTarget section */

/* Begin PBXProject section */
		B4F6C63C2C772173007055F6 /* Project object */ = {
			isa = PBXProject;
			attributes = {
				BuildIndependentTargetsInParallel = 1;
				LastSwiftUpdateCheck = 1530;
				LastUpgradeCheck = 1530;
				TargetAttributes = {
					B4F6C6432C772173007055F6 = {
						CreatedOnToolsVersion = 15.3;
					};
				};
			};
			buildConfigurationList = B4F6C63F2C772173007055F6 /* Build configuration list for PBXProject "DoctorsTest" */;
			compatibilityVersion = "Xcode 14.0";
			developmentRegion = en;
			hasScannedForEncodings = 0;
			knownRegions = (
				en,
				Base,
			);
			mainGroup = B4F6C63B2C772173007055F6;
			packageReferences = (
				B4F6C6632C7722FE007055F6 /* XCRemoteSwiftPackageReference "SDWebImageSwiftUI" */,
			);
			productRefGroup = B4F6C6452C772173007055F6 /* Products */;
			projectDirPath = "";
			projectRoot = "";
			targets = (
				B4F6C6432C772173007055F6 /* DoctorsTest */,
			);
		};
/* End PBXProject section */

/* Begin PBXResourcesBuildPhase section */
		B4F6C6422C772173007055F6 /* Resources */ = {
			isa = PBXResourcesBuildPhase;
			buildActionMask = 2147483647;
			files = (
				B4F6C64F2C772175007055F6 /* Preview Assets.xcassets in Resources */,
				B4F6C64C2C772175007055F6 /* Assets.xcassets in Resources */,
				B4F6C6732C772427007055F6 /* 655b754e0574da7622c94aa4.json in Resources */,
			);
			runOnlyForDeploymentPostprocessing = 0;
		};
/* End PBXResourcesBuildPhase section */

/* Begin PBXSourcesBuildPhase section */
		B4F6C6402C772173007055F6 /* Sources */ = {
			isa = PBXSourcesBuildPhase;
			buildActionMask = 2147483647;
			files = (
				B4F6C6602C7722B9007055F6 /* DoctorCell.swift in Sources */,
				B4F6C6692C772349007055F6 /* PriceCell.swift in Sources */,
				B4F6C6592C77224E007055F6 /* DoctorsView.swift in Sources */,
				B4F6C66B2C77235F007055F6 /* PageItem.swift in Sources */,
				B4F6C65E2C77229C007055F6 /* DataManager.swift in Sources */,
				B4F6C64A2C772173007055F6 /* ContentView.swift in Sources */,
				B4F6C6482C772173007055F6 /* DoctorsTestApp.swift in Sources */,
				B4F6C6712C7723BC007055F6 /* PriceView.swift in Sources */,
				B4F6C6622C7722E2007055F6 /* DoctorsModel.swift in Sources */,
				B4F6C66D2C772386007055F6 /* FilterButtons.swift in Sources */,
				B4F6C6672C77231D007055F6 /* RatingOfDoctorStars.swift in Sources */,
				B4F6C65B2C77227D007055F6 /* DoctorsViewModel.swift in Sources */,
				B4F6C66F2C7723AA007055F6 /* DoctorsCardView.swift in Sources */,
			);
			runOnlyForDeploymentPostprocessing = 0;
		};
/* End PBXSourcesBuildPhase section */

/* Begin XCBuildConfiguration section */
		B4F6C6502C772175007055F6 /* Debug */ = {
			isa = XCBuildConfiguration;
			buildSettings = {
				ALWAYS_SEARCH_USER_PATHS = NO;
				ASSETCATALOG_COMPILER_GENERATE_SWIFT_ASSET_SYMBOL_EXTENSIONS = YES;
				CLANG_ANALYZER_NONNULL = YES;
				CLANG_ANALYZER_NUMBER_OBJECT_CONVERSION = YES_AGGRESSIVE;
				CLANG_CXX_LANGUAGE_STANDARD = "gnu++20";
				CLANG_ENABLE_MODULES = YES;
				CLANG_ENABLE_OBJC_ARC = YES;
				CLANG_ENABLE_OBJC_WEAK = YES;
				CLANG_WARN_BLOCK_CAPTURE_AUTORELEASING = YES;
				CLANG_WARN_BOOL_CONVERSION = YES;
				CLANG_WARN_COMMA = YES;
				CLANG_WARN_CONSTANT_CONVERSION = YES;
				CLANG_WARN_DEPRECATED_OBJC_IMPLEMENTATIONS = YES;
				CLANG_WARN_DIRECT_OBJC_ISA_USAGE = YES_ERROR;
				CLANG_WARN_DOCUMENTATION_COMMENTS = YES;
				CLANG_WARN_EMPTY_BODY = YES;
				CLANG_WARN_ENUM_CONVERSION = YES;
				CLANG_WARN_INFINITE_RECURSION = YES;
				CLANG_WARN_INT_CONVERSION = YES;
				CLANG_WARN_NON_LITERAL_NULL_CONVERSION = YES;
				CLANG_WARN_OBJC_IMPLICIT_RETAIN_SELF = YES;
				CLANG_WARN_OBJC_LITERAL_CONVERSION = YES;
				CLANG_WARN_OBJC_ROOT_CLASS = YES_ERROR;
				CLANG_WARN_QUOTED_INCLUDE_IN_FRAMEWORK_HEADER = YES;
				CLANG_WARN_RANGE_LOOP_ANALYSIS = YES;
				CLANG_WARN_STRICT_PROTOTYPES = YES;
				CLANG_WARN_SUSPICIOUS_MOVE = YES;
				CLANG_WARN_UNGUARDED_AVAILABILITY = YES_AGGRESSIVE;
				CLANG_WARN_UNREACHABLE_CODE = YES;
				CLANG_WARN__DUPLICATE_METHOD_MATCH = YES;
				COPY_PHASE_STRIP = NO;
				DEBUG_INFORMATION_FORMAT = dwarf;
				ENABLE_STRICT_OBJC_MSGSEND = YES;
				ENABLE_TESTABILITY = YES;
				ENABLE_USER_SCRIPT_SANDBOXING = YES;
				GCC_C_LANGUAGE_STANDARD = gnu17;
				GCC_DYNAMIC_NO_PIC = NO;
				GCC_NO_COMMON_BLOCKS = YES;
				GCC_OPTIMIZATION_LEVEL = 0;
				GCC_PREPROCESSOR_DEFINITIONS = (
					"DEBUG=1",
					"$(inherited)",
				);
				GCC_WARN_64_TO_32_BIT_CONVERSION = YES;
				GCC_WARN_ABOUT_RETURN_TYPE = YES_ERROR;
				GCC_WARN_UNDECLARED_SELECTOR = YES;
				GCC_WARN_UNINITIALIZED_AUTOS = YES_AGGRESSIVE;
				GCC_WARN_UNUSED_FUNCTION = YES;
				GCC_WARN_UNUSED_VARIABLE = YES;
				IPHONEOS_DEPLOYMENT_TARGET = 17.4;
				LOCALIZATION_PREFERS_STRING_CATALOGS = YES;
				MTL_ENABLE_DEBUG_INFO = INCLUDE_SOURCE;
				MTL_FAST_MATH = YES;
				ONLY_ACTIVE_ARCH = YES;
				SDKROOT = iphoneos;
				SWIFT_ACTIVE_COMPILATION_CONDITIONS = "DEBUG $(inherited)";
				SWIFT_OPTIMIZATION_LEVEL = "-Onone";
			};
			name = Debug;
		};
		B4F6C6512C772175007055F6 /* Release */ = {
			isa = XCBuildConfiguration;
			buildSettings = {
				ALWAYS_SEARCH_USER_PATHS = NO;
				ASSETCATALOG_COMPILER_GENERATE_SWIFT_ASSET_SYMBOL_EXTENSIONS = YES;
				CLANG_ANALYZER_NONNULL = YES;
				CLANG_ANALYZER_NUMBER_OBJECT_CONVERSION = YES_AGGRESSIVE;
				CLANG_CXX_LANGUAGE_STANDARD = "gnu++20";
				CLANG_ENABLE_MODULES = YES;
				CLANG_ENABLE_OBJC_ARC = YES;
				CLANG_ENABLE_OBJC_WEAK = YES;
				CLANG_WARN_BLOCK_CAPTURE_AUTORELEASING = YES;
				CLANG_WARN_BOOL_CONVERSION = YES;
				CLANG_WARN_COMMA = YES;
				CLANG_WARN_CONSTANT_CONVERSION = YES;
				CLANG_WARN_DEPRECATED_OBJC_IMPLEMENTATIONS = YES;
				CLANG_WARN_DIRECT_OBJC_ISA_USAGE = YES_ERROR;
				CLANG_WARN_DOCUMENTATION_COMMENTS = YES;
				CLANG_WARN_EMPTY_BODY = YES;
				CLANG_WARN_ENUM_CONVERSION = YES;
				CLANG_WARN_INFINITE_RECURSION = YES;
				CLANG_WARN_INT_CONVERSION = YES;
				CLANG_WARN_NON_LITERAL_NULL_CONVERSION = YES;
				CLANG_WARN_OBJC_IMPLICIT_RETAIN_SELF = YES;
				CLANG_WARN_OBJC_LITERAL_CONVERSION = YES;
				CLANG_WARN_OBJC_ROOT_CLASS = YES_ERROR;
				CLANG_WARN_QUOTED_INCLUDE_IN_FRAMEWORK_HEADER = YES;
				CLANG_WARN_RANGE_LOOP_ANALYSIS = YES;
				CLANG_WARN_STRICT_PROTOTYPES = YES;
				CLANG_WARN_SUSPICIOUS_MOVE = YES;
				CLANG_WARN_UNGUARDED_AVAILABILITY = YES_AGGRESSIVE;
				CLANG_WARN_UNREACHABLE_CODE = YES;
				CLANG_WARN__DUPLICATE_METHOD_MATCH = YES;
				COPY_PHASE_STRIP = NO;
				DEBUG_INFORMATION_FORMAT = "dwarf-with-dsym";
				ENABLE_NS_ASSERTIONS = NO;
				ENABLE_STRICT_OBJC_MSGSEND = YES;
				ENABLE_USER_SCRIPT_SANDBOXING = YES;
				GCC_C_LANGUAGE_STANDARD = gnu17;
				GCC_NO_COMMON_BLOCKS = YES;
				GCC_WARN_64_TO_32_BIT_CONVERSION = YES;
				GCC_WARN_ABOUT_RETURN_TYPE = YES_ERROR;
				GCC_WARN_UNDECLARED_SELECTOR = YES;
				GCC_WARN_UNINITIALIZED_AUTOS = YES_AGGRESSIVE;
				GCC_WARN_UNUSED_FUNCTION = YES;
				GCC_WARN_UNUSED_VARIABLE = YES;
				IPHONEOS_DEPLOYMENT_TARGET = 17.4;
				LOCALIZATION_PREFERS_STRING_CATALOGS = YES;
				MTL_ENABLE_DEBUG_INFO = NO;
				MTL_FAST_MATH = YES;
				SDKROOT = iphoneos;
				SWIFT_COMPILATION_MODE = wholemodule;
				VALIDATE_PRODUCT = YES;
			};
			name = Release;
		};
		B4F6C6532C772175007055F6 /* Debug */ = {
			isa = XCBuildConfiguration;
			buildSettings = {
				ASSETCATALOG_COMPILER_APPICON_NAME = AppIcon;
				ASSETCATALOG_COMPILER_GLOBAL_ACCENT_COLOR_NAME = AccentColor;
				CODE_SIGN_STYLE = Automatic;
				CURRENT_PROJECT_VERSION = 1;
				DEVELOPMENT_ASSET_PATHS = "\"DoctorsTest/Preview Content\"";
				ENABLE_PREVIEWS = YES;
				GENERATE_INFOPLIST_FILE = YES;
				INFOPLIST_KEY_UIApplicationSceneManifest_Generation = YES;
				INFOPLIST_KEY_UIApplicationSupportsIndirectInputEvents = YES;
				INFOPLIST_KEY_UILaunchScreen_Generation = YES;
				INFOPLIST_KEY_UISupportedInterfaceOrientations_iPad = "UIInterfaceOrientationPortrait UIInterfaceOrientationPortraitUpsideDown UIInterfaceOrientationLandscapeLeft UIInterfaceOrientationLandscapeRight";
				INFOPLIST_KEY_UISupportedInterfaceOrientations_iPhone = "UIInterfaceOrientationPortrait UIInterfaceOrientationLandscapeLeft UIInterfaceOrientationLandscapeRight";
				LD_RUNPATH_SEARCH_PATHS = (
					"$(inherited)",
					"@executable_path/Frameworks",
				);
				MARKETING_VERSION = 1.0;
				PRODUCT_BUNDLE_IDENTIFIER = "-.DoctorsTest";
				PRODUCT_NAME = "$(TARGET_NAME)";
				SWIFT_EMIT_LOC_STRINGS = YES;
				SWIFT_VERSION = 5.0;
				TARGETED_DEVICE_FAMILY = "1,2";
			};
			name = Debug;
		};
		B4F6C6542C772175007055F6 /* Release */ = {
			isa = XCBuildConfiguration;
			buildSettings = {
				ASSETCATALOG_COMPILER_APPICON_NAME = AppIcon;
				ASSETCATALOG_COMPILER_GLOBAL_ACCENT_COLOR_NAME = AccentColor;
				CODE_SIGN_STYLE = Automatic;
				CURRENT_PROJECT_VERSION = 1;
				DEVELOPMENT_ASSET_PATHS = "\"DoctorsTest/Preview Content\"";
				ENABLE_PREVIEWS = YES;
				GENERATE_INFOPLIST_FILE = YES;
				INFOPLIST_KEY_UIApplicationSceneManifest_Generation = YES;
				INFOPLIST_KEY_UIApplicationSupportsIndirectInputEvents = YES;
				INFOPLIST_KEY_UILaunchScreen_Generation = YES;
				INFOPLIST_KEY_UISupportedInterfaceOrientations_iPad = "UIInterfaceOrientationPortrait UIInterfaceOrientationPortraitUpsideDown UIInterfaceOrientationLandscapeLeft UIInterfaceOrientationLandscapeRight";
				INFOPLIST_KEY_UISupportedInterfaceOrientations_iPhone = "UIInterfaceOrientationPortrait UIInterfaceOrientationLandscapeLeft UIInterfaceOrientationLandscapeRight";
				LD_RUNPATH_SEARCH_PATHS = (
					"$(inherited)",
					"@executable_path/Frameworks",
				);
				MARKETING_VERSION = 1.0;
				PRODUCT_BUNDLE_IDENTIFIER = "-.DoctorsTest";
				PRODUCT_NAME = "$(TARGET_NAME)";
				SWIFT_EMIT_LOC_STRINGS = YES;
				SWIFT_VERSION = 5.0;
				TARGETED_DEVICE_FAMILY = "1,2";
			};
			name = Release;
		};
/* End XCBuildConfiguration section */

/* Begin XCConfigurationList section */
		B4F6C63F2C772173007055F6 /* Build configuration list for PBXProject "DoctorsTest" */ = {
			isa = XCConfigurationList;
			buildConfigurations = (
				B4F6C6502C772175007055F6 /* Debug */,
				B4F6C6512C772175007055F6 /* Release */,
			);
			defaultConfigurationIsVisible = 0;
			defaultConfigurationName = Release;
		};
		B4F6C6522C772175007055F6 /* Build configuration list for PBXNativeTarget "DoctorsTest" */ = {
			isa = XCConfigurationList;
			buildConfigurations = (
				B4F6C6532C772175007055F6 /* Debug */,
				B4F6C6542C772175007055F6 /* Release */,
			);
			defaultConfigurationIsVisible = 0;
			defaultConfigurationName = Release;
		};
/* End XCConfigurationList section */

/* Begin XCRemoteSwiftPackageReference section */
		B4F6C6632C7722FE007055F6 /* XCRemoteSwiftPackageReference "SDWebImageSwiftUI" */ = {
			isa = XCRemoteSwiftPackageReference;
			repositoryURL = "https://github.com/SDWebImage/SDWebImageSwiftUI";
			requirement = {
				kind = upToNextMajorVersion;
				minimumVersion = 3.1.1;
			};
		};
/* End XCRemoteSwiftPackageReference section */

/* Begin XCSwiftPackageProductDependency section */
		B4F6C6642C7722FE007055F6 /* SDWebImageSwiftUI */ = {
			isa = XCSwiftPackageProductDependency;
			package = B4F6C6632C7722FE007055F6 /* XCRemoteSwiftPackageReference "SDWebImageSwiftUI" */;
			productName = SDWebImageSwiftUI;
		};
/* End XCSwiftPackageProductDependency section */
	};
	rootObject = B4F6C63C2C772173007055F6 /* Project object */;
}
